<Solution>
    <Project Path="RGamaFelix.CqrsDispatcher.Test\RGamaFelix.CqrsDispatcher.Test.csproj" Type="Classic C#"/>
    <Project Path="RGamaFelix.CqrsDispatcher.Validator\RGamaFelix.CqrsDispatcher.Validator.csproj" Type="Classic C#"/>
    <Project Path="RGamaFelix.CqrsDispatcher\RGamaFelix.CqrsDispatcher.csproj" Type="Classic C#"/>
</Solution>
